%{
  "meck": {:git, "https://github.com/eproxus/meck.git", "4ecc1ae9089edc6977e8c8c4cd41081513cc5590", [tag: "0.8.13"]},
  "protobuffs": {:git, "https://github.com/basho/erlang_protobuffs.git", "098efad8f85dfe556d64e2cf6ce31f2075808f67", [tag: "0.9.2"]},
  "riak_pb": {:git, "https://github.com/basho/riak_pb", "b7abca90e4c708073021d2c4e18c896f1a10b838", [tag: "3.0.8"]},
  "riakc": {:git, "https://github.com/basho/riak-erlang-client.git", "d9fa46335fda4704fda71cbc011ab6a11e50e3f3", [tag: "3.0.8+p1"]},
}
